// !$*UTF8*$!
{
	archiveVersion = 1;
	classes = {
	};
	objectVersion = 46;
	objects = {

/* Begin PBXBuildFile section */
		C815CBDE1DC8C4EE00D6ECF2 /* AppDelegate.swift in Sources */ = {isa = PBXBuildFile; fileRef = C815CBDD1DC8C4EE00D6ECF2 /* AppDelegate.swift */; };
		C815CBE01DC8C4EE00D6ECF2 /* ViewController.swift in Sources */ = {isa = PBXBuildFile; fileRef = C815CBDF1DC8C4EE00D6ECF2 /* ViewController.swift */; };
		C815CBE31DC8C4EE00D6ECF2 /* Main.storyboard in Resources */ = {isa = PBXBuildFile; fileRef = C815CBE11DC8C4EE00D6ECF2 /* Main.storyboard */; };
		C815CBE51DC8C4EE00D6ECF2 /* Assets.xcassets in Resources */ = {isa = PBXBuildFile; fileRef = C815CBE41DC8C4EE00D6ECF2 /* Assets.xcassets */; };
		C815CBE81DC8C4EE00D6ECF2 /* LaunchScreen.storyboard in Resources */ = {isa = PBXBuildFile; fileRef = C815CBE61DC8C4EE00D6ECF2 /* LaunchScreen.storyboard */; };
		C815CBF01DC8C51C00D6ECF2 /* SampleView.swift in Sources */ = {isa = PBXBuildFile; fileRef = C815CBEF1DC8C51C00D6ECF2 /* SampleView.swift */; };
/* End PBXBuildFile section */

/* Begin PBXFileReference section */
		C815CBDA1DC8C4EE00D6ECF2 /* CameraPhotoLibrarySample.app */ = {isa = PBXFileReference; explicitFileType = wrapper.application; includeInIndex = 0; path = CameraPhotoLibrarySample.app; sourceTree = BUILT_PRODUCTS_DIR; };
		C815CBDD1DC8C4EE00D6ECF2 /* AppDelegate.swift */ = {isa = PBXFileReference; lastKnownFileType = sourcecode.swift; path = AppDelegate.swift; sourceTree = "<group>"; };
		C815CBDF1DC8C4EE00D6ECF2 /* ViewController.swift */ = {isa = PBXFileReference; lastKnownFileType = sourcecode.swift; path = ViewController.swift; sourceTree = "<group>"; };
		C815CBE21DC8C4EE00D6ECF2 /* Base */ = {isa = PBXFileReference; lastKnownFileType = file.storyboard; name = Base; path = Base.lproj/Main.storyboard; sourceTree = "<group>"; };
		C815CBE41DC8C4EE00D6ECF2 /* Assets.xcassets */ = {isa = PBXFileReference; lastKnownFileType = folder.assetcatalog; path = Assets.xcassets; sourceTree = "<group>"; };
		C815CBE71DC8C4EE00D6ECF2 /* Base */ = {isa = PBXFileReference; lastKnownFileType = file.storyboard; name = Base; path = Base.lproj/LaunchScreen.storyboard; sourceTree = "<group>"; };
		C815CBE91DC8C4EE00D6ECF2 /* Info.plist */ = {isa = PBXFileReference; lastKnownFileType = text.plist.xml; path = Info.plist; sourceTree = "<group>"; };
		C815CBEF1DC8C51C00D6ECF2 /* SampleView.swift */ = {isa = PBXFileReference; fileEncoding = 4; lastKnownFileType = sourcecode.swift; path = SampleView.swift; sourceTree = "<group>"; };
/* End PBXFileReference section */

/* Begin PBXFrameworksBuildPhase section */
		C815CBD71DC8C4EE00D6ECF2 /* Frameworks */ = {
			isa = PBXFrameworksBuildPhase;
			buildActionMask = 2147483647;
			files = (
			);
			runOnlyForDeploymentPostprocessing = 0;
		};
/* End PBXFrameworksBuildPhase section */

/* Begin PBXGroup section */
		C815CBD11DC8C4EE00D6ECF2 = {
			isa = PBXGroup;
			children = (
				C815CBDC1DC8C4EE00D6ECF2 /* CameraPhotoLibrarySample */,
				C815CBDB1DC8C4EE00D6ECF2 /* Products */,
			);
			sourceTree = "<group>";
		};
		C815CBDB1DC8C4EE00D6ECF2 /* Products */ = {
			isa = PBXGroup;
			children = (
				C815CBDA1DC8C4EE00D6ECF2 /* CameraPhotoLibrarySample.app */,
			);
			name = Products;
			sourceTree = "<group>";
		};
		C815CBDC1DC8C4EE00D6ECF2 /* CameraPhotoLibrarySample */ = {
			isa = PBXGroup;
			children = (
				C815CBDD1DC8C4EE00D6ECF2 /* AppDelegate.swift */,
				C815CBDF1DC8C4EE00D6ECF2 /* ViewController.swift */,
				C815CBEF1DC8C51C00D6ECF2 /* SampleView.swift */,
				C815CBE11DC8C4EE00D6ECF2 /* Main.storyboard */,
				C815CBE41DC8C4EE00D6ECF2 /* Assets.xcassets */,
				C815CBE61DC8C4EE00D6ECF2 /* LaunchScreen.storyboard */,
				C815CBE91DC8C4EE00D6ECF2 /* Info.plist */,
			);
			path = CameraPhotoLibrarySample;
			sourceTree = "<group>";
		};
/* End PBXGroup section */

/* Begin PBXNativeTarget section */
		C815CBD91DC8C4EE00D6ECF2 /* CameraPhotoLibrarySample */ = {
			isa = PBXNativeTarget;
			buildConfigurationList = C815CBEC1DC8C4EE00D6ECF2 /* Build configuration list for PBXNativeTarget "CameraPhotoLibrarySample" */;
			buildPhases = (
				C815CBD61DC8C4EE00D6ECF2 /* Sources */,
				C815CBD71DC8C4EE00D6ECF2 /* Frameworks */,
				C815CBD81DC8C4EE00D6ECF2 /* Resources */,
			);
			buildRules = (
			);
			dependencies = (
			);
			name = CameraPhotoLibrarySample;
			productName = CameraPhotoLibrarySample;
			productReference = C815CBDA1DC8C4EE00D6ECF2 /* CameraPhotoLibrarySample.app */;
			productType = "com.apple.product-type.application";
		};
/* End PBXNativeTarget section */

/* Begin PBXProject section */
		C815CBD21DC8C4EE00D6ECF2 /* Project object */ = {
			isa = PBXProject;
			attributes = {
				LastSwiftUpdateCheck = 0810;
				LastUpgradeCheck = 0810;
				ORGANIZATIONNAME = heference;
				TargetAttributes = {
					C815CBD91DC8C4EE00D6ECF2 = {
						CreatedOnToolsVersion = 8.1;
						DevelopmentTeam = WW54S3M3GK;
						ProvisioningStyle = Automatic;
					};
				};
			};
			buildConfigurationList = C815CBD51DC8C4EE00D6ECF2 /* Build configuration list for PBXProject "CameraPhotoLibrarySample" */;
			compatibilityVersion = "Xcode 3.2";
			developmentRegion = English;
			hasScannedForEncodings = 0;
			knownRegions = (
				en,
				Base,
			);
			mainGroup = C815CBD11DC8C4EE00D6ECF2;
			productRefGroup = C815CBDB1DC8C4EE00D6ECF2 /* Products */;
			projectDirPath = "";
			projectRoot = "";
			targets = (
				C815CBD91DC8C4EE00D6ECF2 /* CameraPhotoLibrarySample */,
			);
		};
/* End PBXProject section */

/* Begin PBXResourcesBuildPhase section */
		C815CBD81DC8C4EE00D6ECF2 /* Resources */ = {
			isa = PBXResourcesBuildPhase;
			buildActionMask = 2147483647;
			files = (
				C815CBE81DC8C4EE00D6ECF2 /* LaunchScreen.storyboard in Resources */,
				C815CBE51DC8C4EE00D6ECF2 /* Assets.xcassets in Resources */,
				C815CBE31DC8C4EE00D6ECF2 /* Main.storyboard in Resources */,
			);
			runOnlyForDeploymentPostprocessing = 0;
		};
/* End PBXResourcesBuildPhase section */

/* Begin PBXSourcesBuildPhase section */
		C815CBD61DC8C4EE00D6ECF2 /* Sources */ = {
			isa = PBXSourcesBuildPhase;
			buildActionMask = 2147483647;
			files = (
				C815CBE01DC8C4EE00D6ECF2 /* ViewController.swift in Sources */,
				C815CBF01DC8C51C00D6ECF2 /* SampleView.swift in Sources */,
				C815CBDE1DC8C4EE00D6ECF2 /* AppDelegate.swift in Sources */,
			);
			runOnlyForDeploymentPostprocessing = 0;
		};
/* End PBXSourcesBuildPhase section */

/* Begin PBXVariantGroup section */
		C815CBE11DC8C4EE00D6ECF2 /* Main.storyboard */ = {
			isa = PBXVariantGroup;
			children = (
				C815CBE21DC8C4EE00D6ECF2 /* Base */,
			);
			name = Main.storyboard;
			sourceTree = "<group>";
		};
		C815CBE61DC8C4EE00D6ECF2 /* LaunchScreen.storyboard */ = {
			isa = PBXVariantGroup;
			children = (
				C815CBE71DC8C4EE00D6ECF2 /* Base */,
			);
			name = LaunchScreen.storyboard;
			sourceTree = "<group>";
		};
/* End PBXVariantGroup section */

/* Begin XCBuildConfiguration section */
		C815CBEA1DC8C4EE00D6ECF2 /* Debug */ = {
			isa = XCBuildConfiguration;
			buildSettings = {
				ALWAYS_SEARCH_USER_PATHS = NO;
				CLANG_ANALYZER_NONNULL = YES;
				CLANG_CXX_LANGUAGE_STANDARD = "gnu++0x";
				CLANG_CXX_LIBRARY = "libc++";
				CLANG_ENABLE_MODULES = YES;
				CLANG_ENABLE_OBJC_ARC = YES;
				CLANG_WARN_BOOL_CONVERSION = YES;
				CLANG_WARN_CONSTANT_CONVERSION = YES;
				CLANG_WARN_DIRECT_OBJC_ISA_USAGE = YES_ERROR;
				CLANG_WARN_DOCUMENTATION_COMMENTS = YES;
				CLANG_WARN_EMPTY_BODY = YES;
				CLANG_WARN_ENUM_CONVERSION = YES;
				CLANG_WARN_INFINITE_RECURSION = YES;
				CLANG_WARN_INT_CONVERSION = YES;
				CLANG_WARN_OBJC_ROOT_CLASS = YES_ERROR;
				CLANG_WARN_SUSPICIOUS_MOVES = YES;
				CLANG_WARN_UNREACHABLE_CODE = YES;
				CLANG_WARN__DUPLICATE_METHOD_MATCH = YES;
				"CODE_SIGN_IDENTITY[sdk=iphoneos*]" = "iPhone Developer";
				COPY_PHASE_STRIP = NO;
				DEBUG_INFORMATION_FORMAT = dwarf;
				ENABLE_STRICT_OBJC_MSGSEND = YES;
				ENABLE_TESTABILITY = YES;
				GCC_C_LANGUAGE_STANDARD = gnu99;
				GCC_DYNAMIC_NO_PIC = NO;
				GCC_NO_COMMON_BLOCKS = YES;
				GCC_OPTIMIZATION_LEVEL = 0;
				GCC_PREPROCESSOR_DEFINITIONS = (
					"DEBUG=1",
					"$(inherited)",
				);
				GCC_WARN_64_TO_32_BIT_CONVERSION = YES;
				GCC_WARN_ABOUT_RETURN_TYPE = YES_ERROR;
				GCC_WARN_UNDECLARED_SELECTOR = YES;
				GCC_WARN_UNINITIALIZED_AUTOS = YES_AGGRESSIVE;
				GCC_WARN_UNUSED_FUNCTION = YES;
				GCC_WARN_UNUSED_VARIABLE = YES;
				IPHONEOS_DEPLOYMENT_TARGET = 10.1;
				MTL_ENABLE_DEBUG_INFO = YES;
				ONLY_ACTIVE_ARCH = YES;
				SDKROOT = iphoneos;
				SWIFT_ACTIVE_COMPILATION_CONDITIONS = DEBUG;
				SWIFT_OPTIMIZATION_LEVEL = "-Onone";
				TARGETED_DEVICE_FAMILY = "1,2";
			};
			name = Debug;
		};
		C815CBEB1DC8C4EE00D6ECF2 /* Release */ = {
			isa = XCBuildConfiguration;
			buildSettings = {
				ALWAYS_SEARCH_USER_PATHS = NO;
				CLANG_ANALYZER_NONNULL = YES;
				CLANG_CXX_LANGUAGE_STANDARD = "gnu++0x";
				CLANG_CXX_LIBRARY = "libc++";
				CLANG_ENABLE_MODULES = YES;
				CLANG_ENABLE_OBJC_ARC = YES;
				CLANG_WARN_BOOL_CONVERSION = YES;
				CLANG_WARN_CONSTANT_CONVERSION = YES;
				CLANG_WARN_DIRECT_OBJC_ISA_USAGE = YES_ERROR;
				CLANG_WARN_DOCUMENTATION_COMMENTS = YES;
				CLANG_WARN_EMPTY_BODY = YES;
				CLANG_WARN_ENUM_CONVERSION = YES;
				CLANG_WARN_INFINITE_RECURSION = YES;
				CLANG_WARN_INT_CONVERSION = YES;
				CLANG_WARN_OBJC_ROOT_CLASS = YES_ERROR;
				CLANG_WARN_SUSPICIOUS_MOVES = YES;
				CLANG_WARN_UNREACHABLE_CODE = YES;
				CLANG_WARN__DUPLICATE_METHOD_MATCH = YES;
				"CODE_SIGN_IDENTITY[sdk=iphoneos*]" = "iPhone Developer";
				COPY_PHASE_STRIP = NO;
				DEBUG_INFORMATION_FORMAT = "dwarf-with-dsym";
				ENABLE_NS_ASSERTIONS = NO;
				ENABLE_STRICT_OBJC_MSGSEND = YES;
				GCC_C_LANGUAGE_STANDARD = gnu99;
				GCC_NO_COMMON_BLOCKS = YES;
				GCC_WARN_64_TO_32_BIT_CONVERSION = YES;
				GCC_WARN_ABOUT_RETURN_TYPE = YES_ERROR;
				GCC_WARN_UNDECLARED_SELECTOR = YES;
				GCC_WARN_UNINITIALIZED_AUTOS = YES_AGGRESSIVE;
				GCC_WARN_UNUSED_FUNCTION = YES;
				GCC_WARN_UNUSED_VARIABLE = YES;
				IPHONEOS_DEPLOYMENT_TARGET = 10.1;
				MTL_ENABLE_DEBUG_INFO = NO;
				SDKROOT = iphoneos;
				SWIFT_OPTIMIZATION_LEVEL = "-Owholemodule";
				TARGETED_DEVICE_FAMILY = "1,2";
				VALIDATE_PRODUCT = YES;
			};
			name = Release;
		};
		C815CBED1DC8C4EE00D6ECF2 /* Debug */ = {
			isa = XCBuildConfiguration;
			buildSettings = {
				ASSETCATALOG_COMPILER_APPICON_NAME = AppIcon;
				DEVELOPMENT_TEAM = WW54S3M3GK;
				INFOPLIST_FILE = CameraPhotoLibrarySample/Info.plist;
				LD_RUNPATH_SEARCH_PATHS = "$(inherited) @executable_path/Frameworks";
				PRODUCT_BUNDLE_IDENTIFIER = com.heference.CameraPhotoLibrarySample;
				PRODUCT_NAME = "$(TARGET_NAME)";
				SWIFT_VERSION = 3.0;
			};
			name = Debug;
		};
		C815CBEE1DC8C4EE00D6ECF2 /* Release */ = {
			isa = XCBuildConfiguration;
			buildSettings = {
				ASSETCATALOG_COMPILER_APPICON_NAME = AppIcon;
				DEVELOPMENT_TEAM = WW54S3M3GK;
				INFOPLIST_FILE = CameraPhotoLibrarySample/Info.plist;
				LD_RUNPATH_SEARCH_PATHS = "$(inherited) @executable_path/Frameworks";
				PRODUCT_BUNDLE_IDENTIFIER = com.heference.CameraPhotoLibrarySample;
				PRODUCT_NAME = "$(TARGET_NAME)";
				SWIFT_VERSION = 3.0;
			};
			name = Release;
		};
/* End XCBuildConfiguration section */

/* Begin XCConfigurationList section */
		C815CBD51DC8C4EE00D6ECF2 /* Build configuration list for PBXProject "CameraPhotoLibrarySample" */ = {
			isa = XCConfigurationList;
			buildConfigurations = (
				C815CBEA1DC8C4EE00D6ECF2 /* Debug */,
				C815CBEB1DC8C4EE00D6ECF2 /* Release */,
			);
			defaultConfigurationIsVisible = 0;
			defaultConfigurationName = Release;
		};
		C815CBEC1DC8C4EE00D6ECF2 /* Build configuration list for PBXNativeTarget "CameraPhotoLibrarySample" */ = {
			isa = XCConfigurationList;
			buildConfigurations = (
				C815CBED1DC8C4EE00D6ECF2 /* Debug */,
				C815CBEE1DC8C4EE00D6ECF2 /* Release */,
			);
			defaultConfigurationIsVisible = 0;
		};
/* End XCConfigurationList section */
	};
	rootObject = C815CBD21DC8C4EE00D6ECF2 /* Project object */;
}
